
Microsoft Visual Studio Solution File, Format Version 12.00
# Visual Studio Version 16
VisualStudioVersion = 16.0.30204.135
MinimumVisualStudioVersion = 10.0.40219.1
Project("{9A19103F-16F7-4668-BE54-9A1E7A4F7556}") = "Presentation", "RazorApp\Presentation.csproj", "{D74A7664-738E-4129-84E3-065DBE269292}"
EndProject
Project("{FAE04EC0-301F-11D3-BF4B-00C04F79EFBC}") = "Repository", "Repository\Repository.csproj", "{A43526A0-E963-4156-B2DD-A99D30E84411}"
EndProject
Project("{FAE04EC0-301F-11D3-BF4B-00C04F79EFBC}") = "Services", "Services\Services.csproj", "{A81695F4-957E-4916-B294-1BCEFBEDBFAA}"
EndProject
Global
	GlobalSection(SolutionConfigurationPlatforms) = preSolution
		Debug|Any CPU = Debug|Any CPU
		Release|Any CPU = Release|Any CPU
	EndGlobalSection
	GlobalSection(ProjectConfigurationPlatforms) = postSolution
		{D74A7664-738E-4129-84E3-065DBE269292}.Debug|Any CPU.ActiveCfg = Debug|Any CPU
		{D74A7664-738E-4129-84E3-065DBE269292}.Debug|Any CPU.Build.0 = Debug|Any CPU
		{D74A7664-738E-4129-84E3-065DBE269292}.Release|Any CPU.ActiveCfg = Release|Any CPU
		{D74A7664-738E-4129-84E3-065DBE269292}.Release|Any CPU.Build.0 = Release|Any CPU
		{A43526A0-E963-4156-B2DD-A99D30E84411}.Debug|Any CPU.ActiveCfg = Debug|Any CPU
		{A43526A0-E963-4156-B2DD-A99D30E84411}.Debug|Any CPU.Build.0 = Debug|Any CPU
		{A43526A0-E963-4156-B2DD-A99D30E84411}.Release|Any CPU.ActiveCfg = Release|Any CPU
		{A43526A0-E963-4156-B2DD-A99D30E84411}.Release|Any CPU.Build.0 = Release|Any CPU
		{A81695F4-957E-4916-B294-1BCEFBEDBFAA}.Debug|Any CPU.ActiveCfg = Debug|Any CPU
		{A81695F4-957E-4916-B294-1BCEFBEDBFAA}.Debug|Any CPU.Build.0 = Debug|Any CPU
		{A81695F4-957E-4916-B294-1BCEFBEDBFAA}.Release|Any CPU.ActiveCfg = Release|Any CPU
		{A81695F4-957E-4916-B294-1BCEFBEDBFAA}.Release|Any CPU.Build.0 = Release|Any CPU
	EndGlobalSection
	GlobalSection(SolutionProperties) = preSolution
		HideSolutionNode = FALSE
	EndGlobalSection
	GlobalSection(ExtensibilityGlobals) = postSolution
		SolutionGuid = {85574444-7467-4DE9-9064-25DA1788B7B1}
	EndGlobalSection
EndGlobal
